
Microsoft Visual Studio Solution File, Format Version 12.00
# Visual Studio Version 17
VisualStudioVersion = 17.6.33723.286
MinimumVisualStudioVersion = 10.0.40219.1
Project("{9A19103F-16F7-4668-BE54-9A1E7A4F7556}") = "PlayWrightDemo", "PlayWrightDemo.csproj", "{39F8E4E9-5B79-45E9-A659-01EFF675E2D5}"
EndProject
Project("{FAE04EC0-301F-11D3-BF4B-00C04F79EFBC}") = "SpecFlowTestProject", "..\SpecFlowTestProject\SpecFlowTestProject.csproj", "{A2953815-F509-43B7-843D-99BA5FA427DC}"
EndProject
Global
	GlobalSection(SolutionConfigurationPlatforms) = preSolution
		Debug|Any CPU = Debug|Any CPU
		Release|Any CPU = Release|Any CPU
	EndGlobalSection
	GlobalSection(ProjectConfigurationPlatforms) = postSolution
		{39F8E4E9-5B79-45E9-A659-01EFF675E2D5}.Debug|Any CPU.ActiveCfg = Debug|Any CPU
		{39F8E4E9-5B79-45E9-A659-01EFF675E2D5}.Debug|Any CPU.Build.0 = Debug|Any CPU
		{39F8E4E9-5B79-45E9-A659-01EFF675E2D5}.Release|Any CPU.ActiveCfg = Release|Any CPU
		{39F8E4E9-5B79-45E9-A659-01EFF675E2D5}.Release|Any CPU.Build.0 = Release|Any CPU
		{A2953815-F509-43B7-843D-99BA5FA427DC}.Debug|Any CPU.ActiveCfg = Debug|Any CPU
		{A2953815-F509-43B7-843D-99BA5FA427DC}.Debug|Any CPU.Build.0 = Debug|Any CPU
		{A2953815-F509-43B7-843D-99BA5FA427DC}.Release|Any CPU.ActiveCfg = Release|Any CPU
		{A2953815-F509-43B7-843D-99BA5FA427DC}.Release|Any CPU.Build.0 = Release|Any CPU
	EndGlobalSection
	GlobalSection(SolutionProperties) = preSolution
		HideSolutionNode = FALSE
	EndGlobalSection
	GlobalSection(ExtensibilityGlobals) = postSolution
		SolutionGuid = {C68EC706-3121-4385-9462-3C2F16E1C850}
	EndGlobalSection
EndGlobal
